
Microsoft Visual Studio Solution File, Format Version 12.00
# Visual Studio Version 16
VisualStudioVersion = 16.0.30404.54
MinimumVisualStudioVersion = 10.0.40219.1
Project("{FAE04EC0-301F-11D3-BF4B-00C04F79EFBC}") = "RemoteCockpitServer", "FSRemoteCockpitServer\RemoteCockpitServer.csproj", "{7AE7FDAC-1ABB-4E92-BEAF-7DD5FCD70AE8}"
EndProject
Project("{FAE04EC0-301F-11D3-BF4B-00C04F79EFBC}") = "CockpitDisplay", "CockpitDisplay\CockpitDisplay.csproj", "{E5F55CEF-4F61-4D3B-98D8-4E4E035199F0}"
EndProject
Project("{9A19103F-16F7-4668-BE54-9A1E7A4F7556}") = "RemoteCockpitClasses", "RemoteCockpitClasses\RemoteCockpitClasses.csproj", "{2C1905B7-E26B-49BF-A521-3D9D2DE37CE1}"
EndProject
Project("{FAE04EC0-301F-11D3-BF4B-00C04F79EFBC}") = "InstrumentPlugins", "InstrumentPlugins\InstrumentPlugins.csproj", "{6A197BAC-121C-4D34-A215-14DA7AF32C86}"
EndProject
Project("{FAE04EC0-301F-11D3-BF4B-00C04F79EFBC}") = "InstrumentDesigner", "InstrumentDesigner\InstrumentDesigner.csproj", "{2302D97E-8E57-4C4C-A653-878629D5F1C2}"
EndProject
Project("{FAE04EC0-301F-11D3-BF4B-00C04F79EFBC}") = "Generic_Airspeed_Indicator", "Generic_Airspeed_Indicator\Generic_Airspeed_Indicator.csproj", "{058A1176-3F75-4020-9998-7E01B457CF6F}"
EndProject
Project("{FAE04EC0-301F-11D3-BF4B-00C04F79EFBC}") = "Generic_Attitude_Indicator", "Generic_Attitude_Indicator\Generic_Attitude_Indicator.csproj", "{B2264A6D-9F5B-4FA9-B863-63D6C11F07D8}"
EndProject
Project("{FAE04EC0-301F-11D3-BF4B-00C04F79EFBC}") = "Generic_Altitude_Indicator", "Generic_Altitude_Indicator\Generic_Altitude_Indicator.csproj", "{84DB7C4A-95A6-4A76-8E2C-4C0449793AF2}"
EndProject
Project("{2150E333-8FDC-42A3-9474-1A3956D46DE8}") = "Samples", "Samples", "{8B1708ED-17F4-493C-8939-20B2DBB1D6CA}"
	ProjectSection(SolutionItems) = preProject
		InstrumentPlugins\Initial_Instrument_Template.cs = InstrumentPlugins\Initial_Instrument_Template.cs
	EndProjectSection
EndProject
Project("{54435603-DBB4-11D2-8724-00A0C9A8B90C}") = "Installer", "Installer\Installer.vdproj", "{B88D2EE8-8C75-4D07-99DB-51D3565EAAF8}"
EndProject
Project("{FAE04EC0-301F-11D3-BF4B-00C04F79EFBC}") = "FSServiceInstaller", "FSServiceInstaller\FSServiceInstaller.csproj", "{1475AA73-204C-44FF-829A-2AABE9327F18}"
EndProject
Project("{2150E333-8FDC-42A3-9474-1A3956D46DE8}") = "Documentation", "Documentation", "{6E6B008F-7CE7-4F5D-B0D9-DDB165B7156D}"
	ProjectSection(SolutionItems) = preProject
		01-Introduction.txt = 01-Introduction.txt
		02-Server Component.txt = 02-Server Component.txt
		03-Client Component.txt = 03-Client Component.txt
		04-Instrument Plugins.txt = 04-Instrument Plugins.txt
		05-Instrument Designer.txt = 05-Instrument Designer.txt
	EndProjectSection
EndProject
Project("{FAE04EC0-301F-11D3-BF4B-00C04F79EFBC}") = "FSCockpitTests", "FSCockpitTests\FSCockpitTests.csproj", "{FED05E48-37D5-42B3-93A0-788BE27CB471}"
EndProject
Global
	GlobalSection(SolutionConfigurationPlatforms) = preSolution
		Debug|Any CPU = Debug|Any CPU
		Debug|x64 = Debug|x64
		Release|Any CPU = Release|Any CPU
		Release|x64 = Release|x64
	EndGlobalSection
	GlobalSection(ProjectConfigurationPlatforms) = postSolution
		{7AE7FDAC-1ABB-4E92-BEAF-7DD5FCD70AE8}.Debug|Any CPU.ActiveCfg = Debug|x64
		{7AE7FDAC-1ABB-4E92-BEAF-7DD5FCD70AE8}.Debug|Any CPU.Build.0 = Debug|x64
		{7AE7FDAC-1ABB-4E92-BEAF-7DD5FCD70AE8}.Debug|x64.ActiveCfg = Debug|Any CPU
		{7AE7FDAC-1ABB-4E92-BEAF-7DD5FCD70AE8}.Debug|x64.Build.0 = Debug|Any CPU
		{7AE7FDAC-1ABB-4E92-BEAF-7DD5FCD70AE8}.Release|Any CPU.ActiveCfg = Release|Any CPU
		{7AE7FDAC-1ABB-4E92-BEAF-7DD5FCD70AE8}.Release|Any CPU.Build.0 = Release|Any CPU
		{7AE7FDAC-1ABB-4E92-BEAF-7DD5FCD70AE8}.Release|x64.ActiveCfg = Release|Any CPU
		{7AE7FDAC-1ABB-4E92-BEAF-7DD5FCD70AE8}.Release|x64.Build.0 = Release|Any CPU
		{E5F55CEF-4F61-4D3B-98D8-4E4E035199F0}.Debug|Any CPU.ActiveCfg = Debug|x64
		{E5F55CEF-4F61-4D3B-98D8-4E4E035199F0}.Debug|Any CPU.Build.0 = Debug|x64
		{E5F55CEF-4F61-4D3B-98D8-4E4E035199F0}.Debug|x64.ActiveCfg = Debug|x64
		{E5F55CEF-4F61-4D3B-98D8-4E4E035199F0}.Debug|x64.Build.0 = Debug|x64
		{E5F55CEF-4F61-4D3B-98D8-4E4E035199F0}.Release|Any CPU.ActiveCfg = Release|Any CPU
		{E5F55CEF-4F61-4D3B-98D8-4E4E035199F0}.Release|Any CPU.Build.0 = Release|Any CPU
		{E5F55CEF-4F61-4D3B-98D8-4E4E035199F0}.Release|x64.ActiveCfg = Release|x64
		{E5F55CEF-4F61-4D3B-98D8-4E4E035199F0}.Release|x64.Build.0 = Release|x64
		{2C1905B7-E26B-49BF-A521-3D9D2DE37CE1}.Debug|Any CPU.ActiveCfg = Debug|x64
		{2C1905B7-E26B-49BF-A521-3D9D2DE37CE1}.Debug|Any CPU.Build.0 = Debug|x64
		{2C1905B7-E26B-49BF-A521-3D9D2DE37CE1}.Debug|x64.ActiveCfg = Debug|Any CPU
		{2C1905B7-E26B-49BF-A521-3D9D2DE37CE1}.Debug|x64.Build.0 = Debug|Any CPU
		{2C1905B7-E26B-49BF-A521-3D9D2DE37CE1}.Release|Any CPU.ActiveCfg = Release|Any CPU
		{2C1905B7-E26B-49BF-A521-3D9D2DE37CE1}.Release|Any CPU.Build.0 = Release|Any CPU
		{2C1905B7-E26B-49BF-A521-3D9D2DE37CE1}.Release|x64.ActiveCfg = Release|Any CPU
		{2C1905B7-E26B-49BF-A521-3D9D2DE37CE1}.Release|x64.Build.0 = Release|Any CPU
		{6A197BAC-121C-4D34-A215-14DA7AF32C86}.Debug|Any CPU.ActiveCfg = Debug|x64
		{6A197BAC-121C-4D34-A215-14DA7AF32C86}.Debug|Any CPU.Build.0 = Debug|x64
		{6A197BAC-121C-4D34-A215-14DA7AF32C86}.Debug|x64.ActiveCfg = Debug|Any CPU
		{6A197BAC-121C-4D34-A215-14DA7AF32C86}.Debug|x64.Build.0 = Debug|Any CPU
		{6A197BAC-121C-4D34-A215-14DA7AF32C86}.Release|Any CPU.ActiveCfg = Release|Any CPU
		{6A197BAC-121C-4D34-A215-14DA7AF32C86}.Release|Any CPU.Build.0 = Release|Any CPU
		{6A197BAC-121C-4D34-A215-14DA7AF32C86}.Release|x64.ActiveCfg = Release|Any CPU
		{6A197BAC-121C-4D34-A215-14DA7AF32C86}.Release|x64.Build.0 = Release|Any CPU
		{2302D97E-8E57-4C4C-A653-878629D5F1C2}.Debug|Any CPU.ActiveCfg = Debug|x64
		{2302D97E-8E57-4C4C-A653-878629D5F1C2}.Debug|Any CPU.Build.0 = Debug|x64
		{2302D97E-8E57-4C4C-A653-878629D5F1C2}.Debug|x64.ActiveCfg = Debug|Any CPU
		{2302D97E-8E57-4C4C-A653-878629D5F1C2}.Debug|x64.Build.0 = Debug|Any CPU
		{2302D97E-8E57-4C4C-A653-878629D5F1C2}.Release|Any CPU.ActiveCfg = Release|Any CPU
		{2302D97E-8E57-4C4C-A653-878629D5F1C2}.Release|Any CPU.Build.0 = Release|Any CPU
		{2302D97E-8E57-4C4C-A653-878629D5F1C2}.Release|x64.ActiveCfg = Release|Any CPU
		{2302D97E-8E57-4C4C-A653-878629D5F1C2}.Release|x64.Build.0 = Release|Any CPU
		{058A1176-3F75-4020-9998-7E01B457CF6F}.Debug|Any CPU.ActiveCfg = Debug|x64
		{058A1176-3F75-4020-9998-7E01B457CF6F}.Debug|Any CPU.Build.0 = Debug|x64
		{058A1176-3F75-4020-9998-7E01B457CF6F}.Debug|x64.ActiveCfg = Debug|Any CPU
		{058A1176-3F75-4020-9998-7E01B457CF6F}.Debug|x64.Build.0 = Debug|Any CPU
		{058A1176-3F75-4020-9998-7E01B457CF6F}.Release|Any CPU.ActiveCfg = Release|Any CPU
		{058A1176-3F75-4020-9998-7E01B457CF6F}.Release|Any CPU.Build.0 = Release|Any CPU
		{058A1176-3F75-4020-9998-7E01B457CF6F}.Release|x64.ActiveCfg = Release|Any CPU
		{058A1176-3F75-4020-9998-7E01B457CF6F}.Release|x64.Build.0 = Release|Any CPU
		{B2264A6D-9F5B-4FA9-B863-63D6C11F07D8}.Debug|Any CPU.ActiveCfg = Debug|x64
		{B2264A6D-9F5B-4FA9-B863-63D6C11F07D8}.Debug|Any CPU.Build.0 = Debug|x64
		{B2264A6D-9F5B-4FA9-B863-63D6C11F07D8}.Debug|x64.ActiveCfg = Debug|Any CPU
		{B2264A6D-9F5B-4FA9-B863-63D6C11F07D8}.Debug|x64.Build.0 = Debug|Any CPU
		{B2264A6D-9F5B-4FA9-B863-63D6C11F07D8}.Release|Any CPU.ActiveCfg = Release|Any CPU
		{B2264A6D-9F5B-4FA9-B863-63D6C11F07D8}.Release|Any CPU.Build.0 = Release|Any CPU
		{B2264A6D-9F5B-4FA9-B863-63D6C11F07D8}.Release|x64.ActiveCfg = Release|Any CPU
		{B2264A6D-9F5B-4FA9-B863-63D6C11F07D8}.Release|x64.Build.0 = Release|Any CPU
		{84DB7C4A-95A6-4A76-8E2C-4C0449793AF2}.Debug|Any CPU.ActiveCfg = Debug|x64
		{84DB7C4A-95A6-4A76-8E2C-4C0449793AF2}.Debug|Any CPU.Build.0 = Debug|x64
		{84DB7C4A-95A6-4A76-8E2C-4C0449793AF2}.Debug|x64.ActiveCfg = Debug|Any CPU
		{84DB7C4A-95A6-4A76-8E2C-4C0449793AF2}.Debug|x64.Build.0 = Debug|Any CPU
		{84DB7C4A-95A6-4A76-8E2C-4C0449793AF2}.Release|Any CPU.ActiveCfg = Release|Any CPU
		{84DB7C4A-95A6-4A76-8E2C-4C0449793AF2}.Release|Any CPU.Build.0 = Release|Any CPU
		{84DB7C4A-95A6-4A76-8E2C-4C0449793AF2}.Release|x64.ActiveCfg = Release|Any CPU
		{84DB7C4A-95A6-4A76-8E2C-4C0449793AF2}.Release|x64.Build.0 = Release|Any CPU
		{B88D2EE8-8C75-4D07-99DB-51D3565EAAF8}.Debug|Any CPU.ActiveCfg = Debug
		{B88D2EE8-8C75-4D07-99DB-51D3565EAAF8}.Debug|x64.ActiveCfg = Debug
		{B88D2EE8-8C75-4D07-99DB-51D3565EAAF8}.Debug|x64.Build.0 = Debug
		{B88D2EE8-8C75-4D07-99DB-51D3565EAAF8}.Release|Any CPU.ActiveCfg = Release
		{B88D2EE8-8C75-4D07-99DB-51D3565EAAF8}.Release|x64.ActiveCfg = Release
		{B88D2EE8-8C75-4D07-99DB-51D3565EAAF8}.Release|x64.Build.0 = Release
		{1475AA73-204C-44FF-829A-2AABE9327F18}.Debug|Any CPU.ActiveCfg = Debug|Any CPU
		{1475AA73-204C-44FF-829A-2AABE9327F18}.Debug|Any CPU.Build.0 = Debug|Any CPU
		{1475AA73-204C-44FF-829A-2AABE9327F18}.Debug|x64.ActiveCfg = Debug|Any CPU
		{1475AA73-204C-44FF-829A-2AABE9327F18}.Debug|x64.Build.0 = Debug|Any CPU
		{1475AA73-204C-44FF-829A-2AABE9327F18}.Release|Any CPU.ActiveCfg = Release|Any CPU
		{1475AA73-204C-44FF-829A-2AABE9327F18}.Release|Any CPU.Build.0 = Release|Any CPU
		{1475AA73-204C-44FF-829A-2AABE9327F18}.Release|x64.ActiveCfg = Release|Any CPU
		{1475AA73-204C-44FF-829A-2AABE9327F18}.Release|x64.Build.0 = Release|Any CPU
		{FED05E48-37D5-42B3-93A0-788BE27CB471}.Debug|Any CPU.ActiveCfg = Debug|Any CPU
		{FED05E48-37D5-42B3-93A0-788BE27CB471}.Debug|Any CPU.Build.0 = Debug|Any CPU
		{FED05E48-37D5-42B3-93A0-788BE27CB471}.Debug|x64.ActiveCfg = Debug|Any CPU
		{FED05E48-37D5-42B3-93A0-788BE27CB471}.Debug|x64.Build.0 = Debug|Any CPU
		{FED05E48-37D5-42B3-93A0-788BE27CB471}.Release|Any CPU.ActiveCfg = Release|Any CPU
		{FED05E48-37D5-42B3-93A0-788BE27CB471}.Release|Any CPU.Build.0 = Release|Any CPU
		{FED05E48-37D5-42B3-93A0-788BE27CB471}.Release|x64.ActiveCfg = Release|Any CPU
		{FED05E48-37D5-42B3-93A0-788BE27CB471}.Release|x64.Build.0 = Release|Any CPU
	EndGlobalSection
	GlobalSection(SolutionProperties) = preSolution
		HideSolutionNode = FALSE
	EndGlobalSection
	GlobalSection(NestedProjects) = preSolution
		{058A1176-3F75-4020-9998-7E01B457CF6F} = {8B1708ED-17F4-493C-8939-20B2DBB1D6CA}
		{B2264A6D-9F5B-4FA9-B863-63D6C11F07D8} = {8B1708ED-17F4-493C-8939-20B2DBB1D6CA}
		{84DB7C4A-95A6-4A76-8E2C-4C0449793AF2} = {8B1708ED-17F4-493C-8939-20B2DBB1D6CA}
	EndGlobalSection
	GlobalSection(ExtensibilityGlobals) = postSolution
		SolutionGuid = {295AD1DE-D8CF-4DC8-B7C7-FB2BAB157FDC}
	EndGlobalSection
EndGlobal
